lockfileVersion: '6.0'

settings:
  autoInstallPeers: true
  excludeLinksFromLockfile: false

dependencies:
  '@oven/zig':
    specifier: 0.12.0-dev.1286
    version: 0.12.0-dev.1286

packages:

  /@oven/zig-darwin-arm64@0.12.0-dev.1286:
    resolution: {integrity: sha512-NgD2mUxLHi2Tx2T2MXbylaHwDTUTWdanwj1aCY4OY72YD2ODXaNBN2pfXqH8DI1rXzc2pSDTvtg44KWHwkdEzQ==}
    cpu: [arm64]
    os: [darwin]
    requiresBuild: true
    dev: false
    optional: true

  /@oven/zig-darwin-x64@0.12.0-dev.1286:
    resolution: {integrity: sha512-W+hTSAbfHHtzcMtYcft5Z2pT5t4m9VWEfjVNRVMuKRkIOGCZniP/1gPNzxSRFf2b98SoqaARZtU7YUCWYTnV0g==}
    cpu: [x64]
    os: [darwin]
    requiresBuild: true
    dev: false
    optional: true

  /@oven/zig-linux-arm64@0.12.0-dev.1286:
    resolution: {integrity: sha512-hPc9boRWfZjz+7LwFAeGD2GtbtQd4pfoplkrA3r4QzYig5NcFXGWoSsrp7iFqpJ7fq2KZPIKVaAJjH1VD4b05A==}
    cpu: [arm64]
    os: [linux]
    requiresBuild: true
    dev: false
    optional: true

  /@oven/zig-linux-x64@0.12.0-dev.1286:
    resolution: {integrity: sha512-8vT8FO4smHeurOHFdJ7zyUvOifxkTtii2Y7+lEkkSKBEHozsHUKSnElSV8q7hNl3pH5Rl4u/rw9eWsF+ejGNLg==}
    cpu: [x64]
    os: [linux]
    requiresBuild: true
    dev: false
    optional: true

  /@oven/zig-win32-arm64@0.12.0-dev.1286:
    resolution: {integrity: sha512-3xRKfL4Ww0ExbMD8t8SoUp4m6Bd1vYUG3IbmdpYEIltY21cp6KE7TmKGR4z2IfljuvQSD7RsBpVPIpAC0ZN0pg==}
    cpu: [arm64]
    os: [win32]
    requiresBuild: true
    dev: false
    optional: true

  /@oven/zig-win32-x64@0.12.0-dev.1286:
    resolution: {integrity: sha512-gFHG4Euq1YYoJNJPolCremn3+A3zhuJ+B0v5JG+wqphokWzvGifyIirbI/318HA3uMKRGHBDQO7yBZhn476m3g==}
    cpu: [x64]
    os: [win32]
    requiresBuild: true
    dev: false
    optional: true

  /@oven/zig@0.12.0-dev.1286:
    resolution: {integrity: sha512-3a0pWrUiuWuqCjSI5yPX5WD2PNNYaHH4nkzQVuo9eg6hvTU8vqk0hCNegw7mJCVjwoslT0zyoEq19QRqX7T89A==}
    hasBin: true
    optionalDependencies:
      '@oven/zig-darwin-arm64': 0.12.0-dev.1286
      '@oven/zig-darwin-x64': 0.12.0-dev.1286
      '@oven/zig-linux-arm64': 0.12.0-dev.1286
      '@oven/zig-linux-x64': 0.12.0-dev.1286
      '@oven/zig-win32-arm64': 0.12.0-dev.1286
      '@oven/zig-win32-x64': 0.12.0-dev.1286
    dev: false
